// !$*UTF8*$!
{
	archiveVersion = 1;
	classes = {
	};
	objectVersion = 56;
	objects = {

/* Begin PBXBuildFile section */
		393C1C412C5212BE00312305 /* VideoDemo.swift in Sources */ = {isa = PBXBuildFile; fileRef = 393C1C402C5212BE00312305 /* VideoDemo.swift */; };
		393C1C432C522B3200312305 /* ViewModel.swift in Sources */ = {isa = PBXBuildFile; fileRef = 393C1C422C522B3200312305 /* ViewModel.swift */; };
		39B3837F2C466D6500002F23 /* PersonalColorApp.swift in Sources */ = {isa = PBXBuildFile; fileRef = 39B3837E2C466D6500002F23 /* PersonalColorApp.swift */; };
		39B383812C466D6500002F23 /* ContentView.swift in Sources */ = {isa = PBXBuildFile; fileRef = 39B383802C466D6500002F23 /* ContentView.swift */; };
		39B383832C466D6B00002F23 /* Assets.xcassets in Resources */ = {isa = PBXBuildFile; fileRef = 39B383822C466D6B00002F23 /* Assets.xcassets */; };
		39B383862C466D6B00002F23 /* Preview Assets.xcassets in Resources */ = {isa = PBXBuildFile; fileRef = 39B383852C466D6B00002F23 /* Preview Assets.xcassets */; };
		39B3838E2C466DD900002F23 /* Background.swift in Sources */ = {isa = PBXBuildFile; fileRef = 39B3838D2C466DD900002F23 /* Background.swift */; };
		39B383942C4681ED00002F23 /* NavigationBar.swift in Sources */ = {isa = PBXBuildFile; fileRef = 39B383932C4681ED00002F23 /* NavigationBar.swift */; };
		39B383972C46821800002F23 /* DancingScript-Bold.ttf in Resources */ = {isa = PBXBuildFile; fileRef = 39B383962C46821800002F23 /* DancingScript-Bold.ttf */; };
		39B3839B2C46831B00002F23 /* PersonalColor.swift in Sources */ = {isa = PBXBuildFile; fileRef = 39B3839A2C46831B00002F23 /* PersonalColor.swift */; };
		39B3839D2C46B93200002F23 /* personalColor.json in Resources */ = {isa = PBXBuildFile; fileRef = 39B3839C2C46B93200002F23 /* personalColor.json */; };
		39B3839F2C46B96F00002F23 /* ModelData.swift in Sources */ = {isa = PBXBuildFile; fileRef = 39B3839E2C46B96F00002F23 /* ModelData.swift */; };
		39B383A12C46BB1400002F23 /* Carousel.swift in Sources */ = {isa = PBXBuildFile; fileRef = 39B383A02C46BB1400002F23 /* Carousel.swift */; };
		39B383A32C46BD9500002F23 /* NavigationList.swift in Sources */ = {isa = PBXBuildFile; fileRef = 39B383A22C46BD9500002F23 /* NavigationList.swift */; };
		39B383A62C46BF1E00002F23 /* BodoniModaSC_48pt-Medium.ttf in Resources */ = {isa = PBXBuildFile; fileRef = 39B383A52C46BF1E00002F23 /* BodoniModaSC_48pt-Medium.ttf */; };
		39B383A82C46BFF600002F23 /* PlayfairDisplay-Regular.ttf in Resources */ = {isa = PBXBuildFile; fileRef = 39B383A72C46BFF600002F23 /* PlayfairDisplay-Regular.ttf */; };
		39B383AA2C46C02F00002F23 /* PlayfairDisplay-Bold.ttf in Resources */ = {isa = PBXBuildFile; fileRef = 39B383A92C46C02F00002F23 /* PlayfairDisplay-Bold.ttf */; };
		39B383AC2C46E03E00002F23 /* Card.swift in Sources */ = {isa = PBXBuildFile; fileRef = 39B383AB2C46E03E00002F23 /* Card.swift */; };
		39B383AE2C46E29100002F23 /* PTSerif-Bold.ttf in Resources */ = {isa = PBXBuildFile; fileRef = 39B383AD2C46E29100002F23 /* PTSerif-Bold.ttf */; };
		39B383B02C46E44100002F23 /* CardList.swift in Sources */ = {isa = PBXBuildFile; fileRef = 39B383AF2C46E44100002F23 /* CardList.swift */; };
		39B383B22C46EBC500002F23 /* Detail.swift in Sources */ = {isa = PBXBuildFile; fileRef = 39B383B12C46EBC500002F23 /* Detail.swift */; };
		39B383B42C47AF6B00002F23 /* Fustat-Light.ttf in Resources */ = {isa = PBXBuildFile; fileRef = 39B383B32C47AF6A00002F23 /* Fustat-Light.ttf */; };
		39B383B62C47B21B00002F23 /* DescriptionCard.swift in Sources */ = {isa = PBXBuildFile; fileRef = 39B383B52C47B21B00002F23 /* DescriptionCard.swift */; };
		39B383BA2C482F3700002F23 /* ScrollImage.swift in Sources */ = {isa = PBXBuildFile; fileRef = 39B383B92C482F3700002F23 /* ScrollImage.swift */; };
		39B383BC2C492D8D00002F23 /* Fustat-Bold.ttf in Resources */ = {isa = PBXBuildFile; fileRef = 39B383BB2C492D8D00002F23 /* Fustat-Bold.ttf */; };
		39B383BE2C4933B600002F23 /* MapView.swift in Sources */ = {isa = PBXBuildFile; fileRef = 39B383BD2C4933B600002F23 /* MapView.swift */; };
		39B383C02C4B99BA00002F23 /* TabViewStore.swift in Sources */ = {isa = PBXBuildFile; fileRef = 39B383BF2C4B99BA00002F23 /* TabViewStore.swift */; };
		39B383C42C4BB25000002F23 /* OnlineStore.swift in Sources */ = {isa = PBXBuildFile; fileRef = 39B383C32C4BB25000002F23 /* OnlineStore.swift */; };
		39B383C62C4C364C00002F23 /* Product.swift in Sources */ = {isa = PBXBuildFile; fileRef = 39B383C52C4C364C00002F23 /* Product.swift */; };
		39B383C82C4C390800002F23 /* products.json in Resources */ = {isa = PBXBuildFile; fileRef = 39B383C72C4C390800002F23 /* products.json */; };
		39B383CC2C4D77F700002F23 /* VideoView.swift in Sources */ = {isa = PBXBuildFile; fileRef = 39B383CB2C4D77F700002F23 /* VideoView.swift */; };
		39B383CF2C4D79E000002F23 /* berry-fuchsia-garden.mov in Resources */ = {isa = PBXBuildFile; fileRef = 39B383CE2C4D79E000002F23 /* berry-fuchsia-garden.mov */; };
		39B383D12C4DEF8900002F23 /* ToolbarView.swift in Sources */ = {isa = PBXBuildFile; fileRef = 39B383D02C4DEF8900002F23 /* ToolbarView.swift */; };
		39B383D32C4E1DAC00002F23 /* 23-summer-coral.mov in Resources */ = {isa = PBXBuildFile; fileRef = 39B383D22C4E1DAC00002F23 /* 23-summer-coral.mov */; };
		39B383D52C4E2CBA00002F23 /* dry-mango-tulip.mov in Resources */ = {isa = PBXBuildFile; fileRef = 39B383D42C4E2CBA00002F23 /* dry-mango-tulip.mov */; };
		39B383D72C4E2FC000002F23 /* fig-chip.mov in Resources */ = {isa = PBXBuildFile; fileRef = 39B383D62C4E2FC000002F23 /* fig-chip.mov */; };
		39B383D92C4E39C100002F23 /* red-grapefruit-pudding.mov in Resources */ = {isa = PBXBuildFile; fileRef = 39B383D82C4E39C100002F23 /* red-grapefruit-pudding.mov */; };
		39B383DB2C4E54B100002F23 /* mood-rose.mov in Resources */ = {isa = PBXBuildFile; fileRef = 39B383DA2C4E54B100002F23 /* mood-rose.mov */; };
		39B383DD2C4E562D00002F23 /* almond-coral.mov in Resources */ = {isa = PBXBuildFile; fileRef = 39B383DC2C4E562D00002F23 /* almond-coral.mov */; };
		39B383DF2C4E59E500002F23 /* coral-influencer.mov in Resources */ = {isa = PBXBuildFile; fileRef = 39B383DE2C4E59E500002F23 /* coral-influencer.mov */; };
		39B383E12C4E5CB000002F23 /* rose-in-mind.mov in Resources */ = {isa = PBXBuildFile; fileRef = 39B383E02C4E5CB000002F23 /* rose-in-mind.mov */; };
		39B383E32C4E608000002F23 /* lively-blurring.mov in Resources */ = {isa = PBXBuildFile; fileRef = 39B383E22C4E608000002F23 /* lively-blurring.mov */; };
		39B383E52C4E654F00002F23 /* 16-violet-knit.mov in Resources */ = {isa = PBXBuildFile; fileRef = 39B383E42C4E654F00002F23 /* 16-violet-knit.mov */; };
		39B383E72C4E67B800002F23 /* mauveful-nude.mov in Resources */ = {isa = PBXBuildFile; fileRef = 39B383E62C4E67B800002F23 /* mauveful-nude.mov */; };
		39B383E92C4E6C1C00002F23 /* bare-fig.mov in Resources */ = {isa = PBXBuildFile; fileRef = 39B383E82C4E6C1C00002F23 /* bare-fig.mov */; };
		39B383EB2C4E898700002F23 /* cool-membership.mov in Resources */ = {isa = PBXBuildFile; fileRef = 39B383EA2C4E898700002F23 /* cool-membership.mov */; };
		39B383ED2C4E8B0A00002F23 /* berry-smoothie.mov in Resources */ = {isa = PBXBuildFile; fileRef = 39B383EC2C4E8B0A00002F23 /* berry-smoothie.mov */; };
		39B383EF2C4E8EA000002F23 /* healthy-pink.mov in Resources */ = {isa = PBXBuildFile; fileRef = 39B383EE2C4E8EA000002F23 /* healthy-pink.mov */; };
		39B383F12C4E913100002F23 /* amber-neutrals.mov in Resources */ = {isa = PBXBuildFile; fileRef = 39B383F02C4E913100002F23 /* amber-neutrals.mov */; };
		39B383F32C4E953300002F23 /* no-standard.mov in Resources */ = {isa = PBXBuildFile; fileRef = 39B383F22C4E953300002F23 /* no-standard.mov */; };
		39B383F52C4E971D00002F23 /* rose-beige.mov in Resources */ = {isa = PBXBuildFile; fileRef = 39B383F42C4E971D00002F23 /* rose-beige.mov */; };
		39B383F72C4E9B0500002F23 /* rolling-in-the-autumn.mov in Resources */ = {isa = PBXBuildFile; fileRef = 39B383F62C4E9B0400002F23 /* rolling-in-the-autumn.mov */; };
		39B383F92C4E9D1100002F23 /* chocolate.mov in Resources */ = {isa = PBXBuildFile; fileRef = 39B383F82C4E9D1100002F23 /* chocolate.mov */; };
		39B383FB2C4F908D00002F23 /* WelcomeView.swift in Sources */ = {isa = PBXBuildFile; fileRef = 39B383FA2C4F908D00002F23 /* WelcomeView.swift */; };
		39B383FD2C4F90A100002F23 /* GreetingView.swift in Sources */ = {isa = PBXBuildFile; fileRef = 39B383FC2C4F90A100002F23 /* GreetingView.swift */; };
		39B383FF2C4FFA8B00002F23 /* chillin.mov in Resources */ = {isa = PBXBuildFile; fileRef = 39B383FE2C4FFA8B00002F23 /* chillin.mov */; };
		39B384012C4FFAD700002F23 /* odi-milk.mov in Resources */ = {isa = PBXBuildFile; fileRef = 39B384002C4FFAD700002F23 /* odi-milk.mov */; };
		39B384032C4FFB6800002F23 /* youth-pink.mov in Resources */ = {isa = PBXBuildFile; fileRef = 39B384022C4FFB6700002F23 /* youth-pink.mov */; };
		39B384052C4FFBBE00002F23 /* touching-taro-star.mov in Resources */ = {isa = PBXBuildFile; fileRef = 39B384042C4FFBBE00002F23 /* touching-taro-star.mov */; };
		39B384072C4FFC1900002F23 /* cool-pink.mov in Resources */ = {isa = PBXBuildFile; fileRef = 39B384062C4FFC1900002F23 /* cool-pink.mov */; };
		39B384092C4FFC3800002F23 /* Dialog.swift in Sources */ = {isa = PBXBuildFile; fileRef = 39B384082C4FFC3800002F23 /* Dialog.swift */; };
/* End PBXBuildFile section */

/* Begin PBXFileReference section */
		393C1C402C5212BE00312305 /* VideoDemo.swift */ = {isa = PBXFileReference; lastKnownFileType = sourcecode.swift; path = VideoDemo.swift; sourceTree = "<group>"; };
		393C1C422C522B3200312305 /* ViewModel.swift */ = {isa = PBXFileReference; lastKnownFileType = sourcecode.swift; path = ViewModel.swift; sourceTree = "<group>"; };
		39B3837B2C466D6500002F23 /* PersonalColor.app */ = {isa = PBXFileReference; explicitFileType = wrapper.application; includeInIndex = 0; path = PersonalColor.app; sourceTree = BUILT_PRODUCTS_DIR; };
		39B3837E2C466D6500002F23 /* PersonalColorApp.swift */ = {isa = PBXFileReference; lastKnownFileType = sourcecode.swift; path = PersonalColorApp.swift; sourceTree = "<group>"; };
		39B383802C466D6500002F23 /* ContentView.swift */ = {isa = PBXFileReference; lastKnownFileType = sourcecode.swift; path = ContentView.swift; sourceTree = "<group>"; };
		39B383822C466D6B00002F23 /* Assets.xcassets */ = {isa = PBXFileReference; lastKnownFileType = folder.assetcatalog; path = Assets.xcassets; sourceTree = "<group>"; };
		39B383852C466D6B00002F23 /* Preview Assets.xcassets */ = {isa = PBXFileReference; lastKnownFileType = folder.assetcatalog; path = "Preview Assets.xcassets"; sourceTree = "<group>"; };
		39B3838D2C466DD900002F23 /* Background.swift */ = {isa = PBXFileReference; lastKnownFileType = sourcecode.swift; path = Background.swift; sourceTree = "<group>"; };
		39B383932C4681ED00002F23 /* NavigationBar.swift */ = {isa = PBXFileReference; lastKnownFileType = sourcecode.swift; path = NavigationBar.swift; sourceTree = "<group>"; };
		39B383962C46821800002F23 /* DancingScript-Bold.ttf */ = {isa = PBXFileReference; lastKnownFileType = file; path = "DancingScript-Bold.ttf"; sourceTree = "<group>"; };
		39B383982C46826400002F23 /* Info.plist */ = {isa = PBXFileReference; lastKnownFileType = text.plist; path = Info.plist; sourceTree = "<group>"; };
		39B3839A2C46831B00002F23 /* PersonalColor.swift */ = {isa = PBXFileReference; lastKnownFileType = sourcecode.swift; path = PersonalColor.swift; sourceTree = "<group>"; };
		39B3839C2C46B93200002F23 /* personalColor.json */ = {isa = PBXFileReference; fileEncoding = 4; lastKnownFileType = text.json; path = personalColor.json; sourceTree = "<group>"; };
		39B3839E2C46B96F00002F23 /* ModelData.swift */ = {isa = PBXFileReference; lastKnownFileType = sourcecode.swift; path = ModelData.swift; sourceTree = "<group>"; };
		39B383A02C46BB1400002F23 /* Carousel.swift */ = {isa = PBXFileReference; lastKnownFileType = sourcecode.swift; path = Carousel.swift; sourceTree = "<group>"; };
		39B383A22C46BD9500002F23 /* NavigationList.swift */ = {isa = PBXFileReference; lastKnownFileType = sourcecode.swift; path = NavigationList.swift; sourceTree = "<group>"; };
		39B383A52C46BF1E00002F23 /* BodoniModaSC_48pt-Medium.ttf */ = {isa = PBXFileReference; lastKnownFileType = file; path = "BodoniModaSC_48pt-Medium.ttf"; sourceTree = "<group>"; };
		39B383A72C46BFF600002F23 /* PlayfairDisplay-Regular.ttf */ = {isa = PBXFileReference; lastKnownFileType = file; path = "PlayfairDisplay-Regular.ttf"; sourceTree = "<group>"; };
		39B383A92C46C02F00002F23 /* PlayfairDisplay-Bold.ttf */ = {isa = PBXFileReference; lastKnownFileType = file; path = "PlayfairDisplay-Bold.ttf"; sourceTree = "<group>"; };
		39B383AB2C46E03E00002F23 /* Card.swift */ = {isa = PBXFileReference; lastKnownFileType = sourcecode.swift; path = Card.swift; sourceTree = "<group>"; };
		39B383AD2C46E29100002F23 /* PTSerif-Bold.ttf */ = {isa = PBXFileReference; lastKnownFileType = file; path = "PTSerif-Bold.ttf"; sourceTree = "<group>"; };
		39B383AF2C46E44100002F23 /* CardList.swift */ = {isa = PBXFileReference; lastKnownFileType = sourcecode.swift; path = CardList.swift; sourceTree = "<group>"; };
		39B383B12C46EBC500002F23 /* Detail.swift */ = {isa = PBXFileReference; lastKnownFileType = sourcecode.swift; path = Detail.swift; sourceTree = "<group>"; };
		39B383B32C47AF6A00002F23 /* Fustat-Light.ttf */ = {isa = PBXFileReference; lastKnownFileType = file; path = "Fustat-Light.ttf"; sourceTree = "<group>"; };
		39B383B52C47B21B00002F23 /* DescriptionCard.swift */ = {isa = PBXFileReference; lastKnownFileType = sourcecode.swift; path = DescriptionCard.swift; sourceTree = "<group>"; };
		39B383B92C482F3700002F23 /* ScrollImage.swift */ = {isa = PBXFileReference; lastKnownFileType = sourcecode.swift; path = ScrollImage.swift; sourceTree = "<group>"; };
		39B383BB2C492D8D00002F23 /* Fustat-Bold.ttf */ = {isa = PBXFileReference; lastKnownFileType = file; path = "Fustat-Bold.ttf"; sourceTree = "<group>"; };
		39B383BD2C4933B600002F23 /* MapView.swift */ = {isa = PBXFileReference; lastKnownFileType = sourcecode.swift; path = MapView.swift; sourceTree = "<group>"; };
		39B383BF2C4B99BA00002F23 /* TabViewStore.swift */ = {isa = PBXFileReference; lastKnownFileType = sourcecode.swift; path = TabViewStore.swift; sourceTree = "<group>"; };
		39B383C32C4BB25000002F23 /* OnlineStore.swift */ = {isa = PBXFileReference; lastKnownFileType = sourcecode.swift; path = OnlineStore.swift; sourceTree = "<group>"; };
		39B383C52C4C364C00002F23 /* Product.swift */ = {isa = PBXFileReference; lastKnownFileType = sourcecode.swift; path = Product.swift; sourceTree = "<group>"; };
		39B383C72C4C390800002F23 /* products.json */ = {isa = PBXFileReference; lastKnownFileType = text.json; path = products.json; sourceTree = "<group>"; };
		39B383CB2C4D77F700002F23 /* VideoView.swift */ = {isa = PBXFileReference; lastKnownFileType = sourcecode.swift; path = VideoView.swift; sourceTree = "<group>"; };
		39B383CE2C4D79E000002F23 /* berry-fuchsia-garden.mov */ = {isa = PBXFileReference; lastKnownFileType = video.quicktime; path = "berry-fuchsia-garden.mov"; sourceTree = "<group>"; };
		39B383D02C4DEF8900002F23 /* ToolbarView.swift */ = {isa = PBXFileReference; lastKnownFileType = sourcecode.swift; path = ToolbarView.swift; sourceTree = "<group>"; };
		39B383D22C4E1DAC00002F23 /* 23-summer-coral.mov */ = {isa = PBXFileReference; lastKnownFileType = video.quicktime; path = "23-summer-coral.mov"; sourceTree = "<group>"; };
		39B383D42C4E2CBA00002F23 /* dry-mango-tulip.mov */ = {isa = PBXFileReference; lastKnownFileType = video.quicktime; path = "dry-mango-tulip.mov"; sourceTree = "<group>"; };
		39B383D62C4E2FC000002F23 /* fig-chip.mov */ = {isa = PBXFileReference; lastKnownFileType = video.quicktime; path = "fig-chip.mov"; sourceTree = "<group>"; };
		39B383D82C4E39C100002F23 /* red-grapefruit-pudding.mov */ = {isa = PBXFileReference; lastKnownFileType = video.quicktime; path = "red-grapefruit-pudding.mov"; sourceTree = "<group>"; };
		39B383DA2C4E54B100002F23 /* mood-rose.mov */ = {isa = PBXFileReference; lastKnownFileType = video.quicktime; path = "mood-rose.mov"; sourceTree = "<group>"; };
		39B383DC2C4E562D00002F23 /* almond-coral.mov */ = {isa = PBXFileReference; lastKnownFileType = video.quicktime; path = "almond-coral.mov"; sourceTree = "<group>"; };
		39B383DE2C4E59E500002F23 /* coral-influencer.mov */ = {isa = PBXFileReference; lastKnownFileType = video.quicktime; path = "coral-influencer.mov"; sourceTree = "<group>"; };
		39B383E02C4E5CB000002F23 /* rose-in-mind.mov */ = {isa = PBXFileReference; lastKnownFileType = video.quicktime; path = "rose-in-mind.mov"; sourceTree = "<group>"; };
		39B383E22C4E608000002F23 /* lively-blurring.mov */ = {isa = PBXFileReference; lastKnownFileType = video.quicktime; path = "lively-blurring.mov"; sourceTree = "<group>"; };
		39B383E42C4E654F00002F23 /* 16-violet-knit.mov */ = {isa = PBXFileReference; lastKnownFileType = video.quicktime; path = "16-violet-knit.mov"; sourceTree = "<group>"; };
		39B383E62C4E67B800002F23 /* mauveful-nude.mov */ = {isa = PBXFileReference; lastKnownFileType = video.quicktime; path = "mauveful-nude.mov"; sourceTree = "<group>"; };
		39B383E82C4E6C1C00002F23 /* bare-fig.mov */ = {isa = PBXFileReference; lastKnownFileType = video.quicktime; path = "bare-fig.mov"; sourceTree = "<group>"; };
		39B383EA2C4E898700002F23 /* cool-membership.mov */ = {isa = PBXFileReference; lastKnownFileType = video.quicktime; path = "cool-membership.mov"; sourceTree = "<group>"; };
		39B383EC2C4E8B0A00002F23 /* berry-smoothie.mov */ = {isa = PBXFileReference; lastKnownFileType = video.quicktime; path = "berry-smoothie.mov"; sourceTree = "<group>"; };
		39B383EE2C4E8EA000002F23 /* healthy-pink.mov */ = {isa = PBXFileReference; lastKnownFileType = video.quicktime; path = "healthy-pink.mov"; sourceTree = "<group>"; };
		39B383F02C4E913100002F23 /* amber-neutrals.mov */ = {isa = PBXFileReference; lastKnownFileType = video.quicktime; path = "amber-neutrals.mov"; sourceTree = "<group>"; };
		39B383F22C4E953300002F23 /* no-standard.mov */ = {isa = PBXFileReference; lastKnownFileType = video.quicktime; path = "no-standard.mov"; sourceTree = "<group>"; };
		39B383F42C4E971D00002F23 /* rose-beige.mov */ = {isa = PBXFileReference; lastKnownFileType = video.quicktime; path = "rose-beige.mov"; sourceTree = "<group>"; };
		39B383F62C4E9B0400002F23 /* rolling-in-the-autumn.mov */ = {isa = PBXFileReference; lastKnownFileType = video.quicktime; path = "rolling-in-the-autumn.mov"; sourceTree = "<group>"; };
		39B383F82C4E9D1100002F23 /* chocolate.mov */ = {isa = PBXFileReference; lastKnownFileType = video.quicktime; path = chocolate.mov; sourceTree = "<group>"; };
		39B383FA2C4F908D00002F23 /* WelcomeView.swift */ = {isa = PBXFileReference; lastKnownFileType = sourcecode.swift; path = WelcomeView.swift; sourceTree = "<group>"; };
		39B383FC2C4F90A100002F23 /* GreetingView.swift */ = {isa = PBXFileReference; lastKnownFileType = sourcecode.swift; path = GreetingView.swift; sourceTree = "<group>"; };
		39B383FE2C4FFA8B00002F23 /* chillin.mov */ = {isa = PBXFileReference; lastKnownFileType = video.quicktime; path = chillin.mov; sourceTree = "<group>"; };
		39B384002C4FFAD700002F23 /* odi-milk.mov */ = {isa = PBXFileReference; lastKnownFileType = video.quicktime; path = "odi-milk.mov"; sourceTree = "<group>"; };
		39B384022C4FFB6700002F23 /* youth-pink.mov */ = {isa = PBXFileReference; lastKnownFileType = video.quicktime; path = "youth-pink.mov"; sourceTree = "<group>"; };
		39B384042C4FFBBE00002F23 /* touching-taro-star.mov */ = {isa = PBXFileReference; lastKnownFileType = video.quicktime; path = "touching-taro-star.mov"; sourceTree = "<group>"; };
		39B384062C4FFC1900002F23 /* cool-pink.mov */ = {isa = PBXFileReference; lastKnownFileType = video.quicktime; path = "cool-pink.mov"; sourceTree = "<group>"; };
		39B384082C4FFC3800002F23 /* Dialog.swift */ = {isa = PBXFileReference; lastKnownFileType = sourcecode.swift; path = Dialog.swift; sourceTree = "<group>"; };
/* End PBXFileReference section */

/* Begin PBXFrameworksBuildPhase section */
		39B383782C466D6500002F23 /* Frameworks */ = {
			isa = PBXFrameworksBuildPhase;
			buildActionMask = 2147483647;
			files = (
			);
			runOnlyForDeploymentPostprocessing = 0;
		};
/* End PBXFrameworksBuildPhase section */

/* Begin PBXGroup section */
		39B383722C466D6500002F23 = {
			isa = PBXGroup;
			children = (
				39B3837D2C466D6500002F23 /* PersonalColor */,
				39B3837C2C466D6500002F23 /* Products */,
			);
			sourceTree = "<group>";
		};
		39B3837C2C466D6500002F23 /* Products */ = {
			isa = PBXGroup;
			children = (
				39B3837B2C466D6500002F23 /* PersonalColor.app */,
			);
			name = Products;
			sourceTree = "<group>";
		};
		39B3837D2C466D6500002F23 /* PersonalColor */ = {
			isa = PBXGroup;
			children = (
				39B383982C46826400002F23 /* Info.plist */,
				39B383952C46820600002F23 /* Font */,
				39B383CD2C4D79B000002F23 /* Video */,
				39B383992C4682FE00002F23 /* Model */,
				39B3838C2C466D8000002F23 /* View */,
				39B3837E2C466D6500002F23 /* PersonalColorApp.swift */,
				39B383802C466D6500002F23 /* ContentView.swift */,
				39B383822C466D6B00002F23 /* Assets.xcassets */,
				39B383842C466D6B00002F23 /* Preview Content */,
			);
			path = PersonalColor;
			sourceTree = "<group>";
		};
		39B383842C466D6B00002F23 /* Preview Content */ = {
			isa = PBXGroup;
			children = (
				39B383852C466D6B00002F23 /* Preview Assets.xcassets */,
			);
			path = "Preview Content";
			sourceTree = "<group>";
		};
		39B3838C2C466D8000002F23 /* View */ = {
			isa = PBXGroup;
			children = (
				39B3838D2C466DD900002F23 /* Background.swift */,
				39B383932C4681ED00002F23 /* NavigationBar.swift */,
				39B383A02C46BB1400002F23 /* Carousel.swift */,
				39B383A22C46BD9500002F23 /* NavigationList.swift */,
				39B383AB2C46E03E00002F23 /* Card.swift */,
				39B383AF2C46E44100002F23 /* CardList.swift */,
				39B383B12C46EBC500002F23 /* Detail.swift */,
				39B383B52C47B21B00002F23 /* DescriptionCard.swift */,
				39B383B92C482F3700002F23 /* ScrollImage.swift */,
				39B383BD2C4933B600002F23 /* MapView.swift */,
				39B383BF2C4B99BA00002F23 /* TabViewStore.swift */,
				39B383C32C4BB25000002F23 /* OnlineStore.swift */,
				39B383CB2C4D77F700002F23 /* VideoView.swift */,
				39B383D02C4DEF8900002F23 /* ToolbarView.swift */,
				39B383FA2C4F908D00002F23 /* WelcomeView.swift */,
				39B383FC2C4F90A100002F23 /* GreetingView.swift */,
				39B384082C4FFC3800002F23 /* Dialog.swift */,
				393C1C402C5212BE00312305 /* VideoDemo.swift */,
				393C1C422C522B3200312305 /* ViewModel.swift */,
			);
			path = View;
			sourceTree = "<group>";
		};
		39B383952C46820600002F23 /* Font */ = {
			isa = PBXGroup;
			children = (
				39B383B32C47AF6A00002F23 /* Fustat-Light.ttf */,
				39B383AD2C46E29100002F23 /* PTSerif-Bold.ttf */,
				39B383BB2C492D8D00002F23 /* Fustat-Bold.ttf */,
				39B383A92C46C02F00002F23 /* PlayfairDisplay-Bold.ttf */,
				39B383A72C46BFF600002F23 /* PlayfairDisplay-Regular.ttf */,
				39B383962C46821800002F23 /* DancingScript-Bold.ttf */,
				39B383A52C46BF1E00002F23 /* BodoniModaSC_48pt-Medium.ttf */,
			);
			path = Font;
			sourceTree = "<group>";
		};
		39B383992C4682FE00002F23 /* Model */ = {
			isa = PBXGroup;
			children = (
				39B3839C2C46B93200002F23 /* personalColor.json */,
				39B3839A2C46831B00002F23 /* PersonalColor.swift */,
				39B3839E2C46B96F00002F23 /* ModelData.swift */,
				39B383C52C4C364C00002F23 /* Product.swift */,
				39B383C72C4C390800002F23 /* products.json */,
			);
			path = Model;
			sourceTree = "<group>";
		};
		39B383CD2C4D79B000002F23 /* Video */ = {
			isa = PBXGroup;
			children = (
				39B383DC2C4E562D00002F23 /* almond-coral.mov */,
				39B383DA2C4E54B100002F23 /* mood-rose.mov */,
				39B383D42C4E2CBA00002F23 /* dry-mango-tulip.mov */,
				39B383FE2C4FFA8B00002F23 /* chillin.mov */,
				39B383D22C4E1DAC00002F23 /* 23-summer-coral.mov */,
				39B383CE2C4D79E000002F23 /* berry-fuchsia-garden.mov */,
				39B384002C4FFAD700002F23 /* odi-milk.mov */,
				39B384062C4FFC1900002F23 /* cool-pink.mov */,
				39B383E22C4E608000002F23 /* lively-blurring.mov */,
				39B384022C4FFB6700002F23 /* youth-pink.mov */,
				39B383E42C4E654F00002F23 /* 16-violet-knit.mov */,
				39B384042C4FFBBE00002F23 /* touching-taro-star.mov */,
				39B383F02C4E913100002F23 /* amber-neutrals.mov */,
				39B383DE2C4E59E500002F23 /* coral-influencer.mov */,
				39B383EA2C4E898700002F23 /* cool-membership.mov */,
				39B383E62C4E67B800002F23 /* mauveful-nude.mov */,
				39B383F82C4E9D1100002F23 /* chocolate.mov */,
				39B383E02C4E5CB000002F23 /* rose-in-mind.mov */,
				39B383EE2C4E8EA000002F23 /* healthy-pink.mov */,
				39B383EC2C4E8B0A00002F23 /* berry-smoothie.mov */,
				39B383F42C4E971D00002F23 /* rose-beige.mov */,
				39B383E82C4E6C1C00002F23 /* bare-fig.mov */,
				39B383F62C4E9B0400002F23 /* rolling-in-the-autumn.mov */,
				39B383D62C4E2FC000002F23 /* fig-chip.mov */,
				39B383F22C4E953300002F23 /* no-standard.mov */,
				39B383D82C4E39C100002F23 /* red-grapefruit-pudding.mov */,
			);
			path = Video;
			sourceTree = "<group>";
		};
/* End PBXGroup section */

/* Begin PBXNativeTarget section */
		39B3837A2C466D6500002F23 /* PersonalColor */ = {
			isa = PBXNativeTarget;
			buildConfigurationList = 39B383892C466D6B00002F23 /* Build configuration list for PBXNativeTarget "PersonalColor" */;
			buildPhases = (
				39B383772C466D6500002F23 /* Sources */,
				39B383782C466D6500002F23 /* Frameworks */,
				39B383792C466D6500002F23 /* Resources */,
			);
			buildRules = (
			);
			dependencies = (
			);
			name = PersonalColor;
			productName = PersonalColor;
			productReference = 39B3837B2C466D6500002F23 /* PersonalColor.app */;
			productType = "com.apple.product-type.application";
		};
/* End PBXNativeTarget section */

/* Begin PBXProject section */
		39B383732C466D6500002F23 /* Project object */ = {
			isa = PBXProject;
			attributes = {
				BuildIndependentTargetsInParallel = 1;
				LastSwiftUpdateCheck = 1540;
				LastUpgradeCheck = 1540;
				TargetAttributes = {
					39B3837A2C466D6500002F23 = {
						CreatedOnToolsVersion = 15.4;
					};
				};
			};
			buildConfigurationList = 39B383762C466D6500002F23 /* Build configuration list for PBXProject "PersonalColor" */;
			compatibilityVersion = "Xcode 14.0";
			developmentRegion = en;
			hasScannedForEncodings = 0;
			knownRegions = (
				en,
				Base,
			);
			mainGroup = 39B383722C466D6500002F23;
			productRefGroup = 39B3837C2C466D6500002F23 /* Products */;
			projectDirPath = "";
			projectRoot = "";
			targets = (
				39B3837A2C466D6500002F23 /* PersonalColor */,
			);
		};
/* End PBXProject section */

/* Begin PBXResourcesBuildPhase section */
		39B383792C466D6500002F23 /* Resources */ = {
			isa = PBXResourcesBuildPhase;
			buildActionMask = 2147483647;
			files = (
				39B383F72C4E9B0500002F23 /* rolling-in-the-autumn.mov in Resources */,
				39B383A62C46BF1E00002F23 /* BodoniModaSC_48pt-Medium.ttf in Resources */,
				39B383D32C4E1DAC00002F23 /* 23-summer-coral.mov in Resources */,
				39B383D52C4E2CBA00002F23 /* dry-mango-tulip.mov in Resources */,
				39B383E72C4E67B800002F23 /* mauveful-nude.mov in Resources */,
				39B384052C4FFBBE00002F23 /* touching-taro-star.mov in Resources */,
				39B383F12C4E913100002F23 /* amber-neutrals.mov in Resources */,
				39B384032C4FFB6800002F23 /* youth-pink.mov in Resources */,
				39B383D92C4E39C100002F23 /* red-grapefruit-pudding.mov in Resources */,
				39B383B42C47AF6B00002F23 /* Fustat-Light.ttf in Resources */,
				39B383CF2C4D79E000002F23 /* berry-fuchsia-garden.mov in Resources */,
				39B384072C4FFC1900002F23 /* cool-pink.mov in Resources */,
				39B383F52C4E971D00002F23 /* rose-beige.mov in Resources */,
				39B383ED2C4E8B0A00002F23 /* berry-smoothie.mov in Resources */,
				39B383F32C4E953300002F23 /* no-standard.mov in Resources */,
				39B383E52C4E654F00002F23 /* 16-violet-knit.mov in Resources */,
				39B383BC2C492D8D00002F23 /* Fustat-Bold.ttf in Resources */,
				39B383DB2C4E54B100002F23 /* mood-rose.mov in Resources */,
				39B383EF2C4E8EA000002F23 /* healthy-pink.mov in Resources */,
				39B383AA2C46C02F00002F23 /* PlayfairDisplay-Bold.ttf in Resources */,
				39B383DD2C4E562D00002F23 /* almond-coral.mov in Resources */,
				39B383EB2C4E898700002F23 /* cool-membership.mov in Resources */,
				39B383E32C4E608000002F23 /* lively-blurring.mov in Resources */,
				39B383972C46821800002F23 /* DancingScript-Bold.ttf in Resources */,
				39B383A82C46BFF600002F23 /* PlayfairDisplay-Regular.ttf in Resources */,
				39B383D72C4E2FC000002F23 /* fig-chip.mov in Resources */,
				39B3839D2C46B93200002F23 /* personalColor.json in Resources */,
				39B383FF2C4FFA8B00002F23 /* chillin.mov in Resources */,
				39B383E92C4E6C1C00002F23 /* bare-fig.mov in Resources */,
				39B383862C466D6B00002F23 /* Preview Assets.xcassets in Resources */,
				39B383C82C4C390800002F23 /* products.json in Resources */,
				39B383832C466D6B00002F23 /* Assets.xcassets in Resources */,
				39B383DF2C4E59E500002F23 /* coral-influencer.mov in Resources */,
				39B383E12C4E5CB000002F23 /* rose-in-mind.mov in Resources */,
				39B383AE2C46E29100002F23 /* PTSerif-Bold.ttf in Resources */,
				39B384012C4FFAD700002F23 /* odi-milk.mov in Resources */,
				39B383F92C4E9D1100002F23 /* chocolate.mov in Resources */,
			);
			runOnlyForDeploymentPostprocessing = 0;
		};
/* End PBXResourcesBuildPhase section */

/* Begin PBXSourcesBuildPhase section */
		39B383772C466D6500002F23 /* Sources */ = {
			isa = PBXSourcesBuildPhase;
			buildActionMask = 2147483647;
			files = (
				39B383812C466D6500002F23 /* ContentView.swift in Sources */,
				39B383BA2C482F3700002F23 /* ScrollImage.swift in Sources */,
				39B383AC2C46E03E00002F23 /* Card.swift in Sources */,
				39B383B62C47B21B00002F23 /* DescriptionCard.swift in Sources */,
				39B3837F2C466D6500002F23 /* PersonalColorApp.swift in Sources */,
				39B3838E2C466DD900002F23 /* Background.swift in Sources */,
				39B383D12C4DEF8900002F23 /* ToolbarView.swift in Sources */,
				39B383A32C46BD9500002F23 /* NavigationList.swift in Sources */,
				39B383BE2C4933B600002F23 /* MapView.swift in Sources */,
				39B383942C4681ED00002F23 /* NavigationBar.swift in Sources */,
				39B383C42C4BB25000002F23 /* OnlineStore.swift in Sources */,
				39B383C62C4C364C00002F23 /* Product.swift in Sources */,
				39B383CC2C4D77F700002F23 /* VideoView.swift in Sources */,
				39B383FD2C4F90A100002F23 /* GreetingView.swift in Sources */,
				39B383FB2C4F908D00002F23 /* WelcomeView.swift in Sources */,
				39B383A12C46BB1400002F23 /* Carousel.swift in Sources */,
				39B384092C4FFC3800002F23 /* Dialog.swift in Sources */,
				39B383C02C4B99BA00002F23 /* TabViewStore.swift in Sources */,
				39B383B02C46E44100002F23 /* CardList.swift in Sources */,
				393C1C412C5212BE00312305 /* VideoDemo.swift in Sources */,
				39B3839B2C46831B00002F23 /* PersonalColor.swift in Sources */,
				39B383B22C46EBC500002F23 /* Detail.swift in Sources */,
				393C1C432C522B3200312305 /* ViewModel.swift in Sources */,
				39B3839F2C46B96F00002F23 /* ModelData.swift in Sources */,
			);
			runOnlyForDeploymentPostprocessing = 0;
		};
/* End PBXSourcesBuildPhase section */

/* Begin XCBuildConfiguration section */
		39B383872C466D6B00002F23 /* Debug */ = {
			isa = XCBuildConfiguration;
			buildSettings = {
				ALWAYS_SEARCH_USER_PATHS = NO;
				ASSETCATALOG_COMPILER_GENERATE_SWIFT_ASSET_SYMBOL_EXTENSIONS = YES;
				CLANG_ANALYZER_NONNULL = YES;
				CLANG_ANALYZER_NUMBER_OBJECT_CONVERSION = YES_AGGRESSIVE;
				CLANG_CXX_LANGUAGE_STANDARD = "gnu++20";
				CLANG_ENABLE_MODULES = YES;
				CLANG_ENABLE_OBJC_ARC = YES;
				CLANG_ENABLE_OBJC_WEAK = YES;
				CLANG_WARN_BLOCK_CAPTURE_AUTORELEASING = YES;
				CLANG_WARN_BOOL_CONVERSION = YES;
				CLANG_WARN_COMMA = YES;
				CLANG_WARN_CONSTANT_CONVERSION = YES;
				CLANG_WARN_DEPRECATED_OBJC_IMPLEMENTATIONS = YES;
				CLANG_WARN_DIRECT_OBJC_ISA_USAGE = YES_ERROR;
				CLANG_WARN_DOCUMENTATION_COMMENTS = YES;
				CLANG_WARN_EMPTY_BODY = YES;
				CLANG_WARN_ENUM_CONVERSION = YES;
				CLANG_WARN_INFINITE_RECURSION = YES;
				CLANG_WARN_INT_CONVERSION = YES;
				CLANG_WARN_NON_LITERAL_NULL_CONVERSION = YES;
				CLANG_WARN_OBJC_IMPLICIT_RETAIN_SELF = YES;
				CLANG_WARN_OBJC_LITERAL_CONVERSION = YES;
				CLANG_WARN_OBJC_ROOT_CLASS = YES_ERROR;
				CLANG_WARN_QUOTED_INCLUDE_IN_FRAMEWORK_HEADER = YES;
				CLANG_WARN_RANGE_LOOP_ANALYSIS = YES;
				CLANG_WARN_STRICT_PROTOTYPES = YES;
				CLANG_WARN_SUSPICIOUS_MOVE = YES;
				CLANG_WARN_UNGUARDED_AVAILABILITY = YES_AGGRESSIVE;
				CLANG_WARN_UNREACHABLE_CODE = YES;
				CLANG_WARN__DUPLICATE_METHOD_MATCH = YES;
				COPY_PHASE_STRIP = NO;
				DEBUG_INFORMATION_FORMAT = dwarf;
				ENABLE_STRICT_OBJC_MSGSEND = YES;
				ENABLE_TESTABILITY = YES;
				ENABLE_USER_SCRIPT_SANDBOXING = YES;
				GCC_C_LANGUAGE_STANDARD = gnu17;
				GCC_DYNAMIC_NO_PIC = NO;
				GCC_NO_COMMON_BLOCKS = YES;
				GCC_OPTIMIZATION_LEVEL = 0;
				GCC_PREPROCESSOR_DEFINITIONS = (
					"DEBUG=1",
					"$(inherited)",
				);
				GCC_WARN_64_TO_32_BIT_CONVERSION = YES;
				GCC_WARN_ABOUT_RETURN_TYPE = YES_ERROR;
				GCC_WARN_UNDECLARED_SELECTOR = YES;
				GCC_WARN_UNINITIALIZED_AUTOS = YES_AGGRESSIVE;
				GCC_WARN_UNUSED_FUNCTION = YES;
				GCC_WARN_UNUSED_VARIABLE = YES;
				IPHONEOS_DEPLOYMENT_TARGET = 17.5;
				LOCALIZATION_PREFERS_STRING_CATALOGS = YES;
				MTL_ENABLE_DEBUG_INFO = INCLUDE_SOURCE;
				MTL_FAST_MATH = YES;
				ONLY_ACTIVE_ARCH = YES;
				SDKROOT = iphoneos;
				SWIFT_ACTIVE_COMPILATION_CONDITIONS = "DEBUG $(inherited)";
				SWIFT_OPTIMIZATION_LEVEL = "-Onone";
			};
			name = Debug;
		};
		39B383882C466D6B00002F23 /* Release */ = {
			isa = XCBuildConfiguration;
			buildSettings = {
				ALWAYS_SEARCH_USER_PATHS = NO;
				ASSETCATALOG_COMPILER_GENERATE_SWIFT_ASSET_SYMBOL_EXTENSIONS = YES;
				CLANG_ANALYZER_NONNULL = YES;
				CLANG_ANALYZER_NUMBER_OBJECT_CONVERSION = YES_AGGRESSIVE;
				CLANG_CXX_LANGUAGE_STANDARD = "gnu++20";
				CLANG_ENABLE_MODULES = YES;
				CLANG_ENABLE_OBJC_ARC = YES;
				CLANG_ENABLE_OBJC_WEAK = YES;
				CLANG_WARN_BLOCK_CAPTURE_AUTORELEASING = YES;
				CLANG_WARN_BOOL_CONVERSION = YES;
				CLANG_WARN_COMMA = YES;
				CLANG_WARN_CONSTANT_CONVERSION = YES;
				CLANG_WARN_DEPRECATED_OBJC_IMPLEMENTATIONS = YES;
				CLANG_WARN_DIRECT_OBJC_ISA_USAGE = YES_ERROR;
				CLANG_WARN_DOCUMENTATION_COMMENTS = YES;
				CLANG_WARN_EMPTY_BODY = YES;
				CLANG_WARN_ENUM_CONVERSION = YES;
				CLANG_WARN_INFINITE_RECURSION = YES;
				CLANG_WARN_INT_CONVERSION = YES;
				CLANG_WARN_NON_LITERAL_NULL_CONVERSION = YES;
				CLANG_WARN_OBJC_IMPLICIT_RETAIN_SELF = YES;
				CLANG_WARN_OBJC_LITERAL_CONVERSION = YES;
				CLANG_WARN_OBJC_ROOT_CLASS = YES_ERROR;
				CLANG_WARN_QUOTED_INCLUDE_IN_FRAMEWORK_HEADER = YES;
				CLANG_WARN_RANGE_LOOP_ANALYSIS = YES;
				CLANG_WARN_STRICT_PROTOTYPES = YES;
				CLANG_WARN_SUSPICIOUS_MOVE = YES;
				CLANG_WARN_UNGUARDED_AVAILABILITY = YES_AGGRESSIVE;
				CLANG_WARN_UNREACHABLE_CODE = YES;
				CLANG_WARN__DUPLICATE_METHOD_MATCH = YES;
				COPY_PHASE_STRIP = NO;
				DEBUG_INFORMATION_FORMAT = "dwarf-with-dsym";
				ENABLE_NS_ASSERTIONS = NO;
				ENABLE_STRICT_OBJC_MSGSEND = YES;
				ENABLE_USER_SCRIPT_SANDBOXING = YES;
				GCC_C_LANGUAGE_STANDARD = gnu17;
				GCC_NO_COMMON_BLOCKS = YES;
				GCC_WARN_64_TO_32_BIT_CONVERSION = YES;
				GCC_WARN_ABOUT_RETURN_TYPE = YES_ERROR;
				GCC_WARN_UNDECLARED_SELECTOR = YES;
				GCC_WARN_UNINITIALIZED_AUTOS = YES_AGGRESSIVE;
				GCC_WARN_UNUSED_FUNCTION = YES;
				GCC_WARN_UNUSED_VARIABLE = YES;
				IPHONEOS_DEPLOYMENT_TARGET = 17.5;
				LOCALIZATION_PREFERS_STRING_CATALOGS = YES;
				MTL_ENABLE_DEBUG_INFO = NO;
				MTL_FAST_MATH = YES;
				SDKROOT = iphoneos;
				SWIFT_COMPILATION_MODE = wholemodule;
				VALIDATE_PRODUCT = YES;
			};
			name = Release;
		};
		39B3838A2C466D6B00002F23 /* Debug */ = {
			isa = XCBuildConfiguration;
			buildSettings = {
				ASSETCATALOG_COMPILER_APPICON_NAME = AppIcon;
				ASSETCATALOG_COMPILER_GLOBAL_ACCENT_COLOR_NAME = AccentColor;
				CODE_SIGN_STYLE = Automatic;
				CURRENT_PROJECT_VERSION = 1;
				DEVELOPMENT_ASSET_PATHS = "\"PersonalColor/Preview Content\"";
				DEVELOPMENT_TEAM = 87AJUFVFXW;
				ENABLE_PREVIEWS = YES;
				GENERATE_INFOPLIST_FILE = YES;
				INFOPLIST_FILE = PersonalColor/Info.plist;
				INFOPLIST_KEY_UIApplicationSceneManifest_Generation = YES;
				INFOPLIST_KEY_UIApplicationSupportsIndirectInputEvents = YES;
				INFOPLIST_KEY_UILaunchScreen_Generation = YES;
				INFOPLIST_KEY_UISupportedInterfaceOrientations_iPad = "UIInterfaceOrientationPortrait UIInterfaceOrientationPortraitUpsideDown UIInterfaceOrientationLandscapeLeft UIInterfaceOrientationLandscapeRight";
				INFOPLIST_KEY_UISupportedInterfaceOrientations_iPhone = "UIInterfaceOrientationPortrait UIInterfaceOrientationLandscapeLeft UIInterfaceOrientationLandscapeRight";
				LD_RUNPATH_SEARCH_PATHS = (
					"$(inherited)",
					"@executable_path/Frameworks",
				);
				MARKETING_VERSION = 1.0;
				PRODUCT_BUNDLE_IDENTIFIER = vn.edu.rmit.PersonalColor;
				PRODUCT_NAME = "$(TARGET_NAME)";
				SWIFT_EMIT_LOC_STRINGS = YES;
				SWIFT_VERSION = 5.0;
				TARGETED_DEVICE_FAMILY = "1,2";
			};
			name = Debug;
		};
		39B3838B2C466D6B00002F23 /* Release */ = {
			isa = XCBuildConfiguration;
			buildSettings = {
				ASSETCATALOG_COMPILER_APPICON_NAME = AppIcon;
				ASSETCATALOG_COMPILER_GLOBAL_ACCENT_COLOR_NAME = AccentColor;
				CODE_SIGN_STYLE = Automatic;
				CURRENT_PROJECT_VERSION = 1;
				DEVELOPMENT_ASSET_PATHS = "\"PersonalColor/Preview Content\"";
				DEVELOPMENT_TEAM = 87AJUFVFXW;
				ENABLE_PREVIEWS = YES;
				GENERATE_INFOPLIST_FILE = YES;
				INFOPLIST_FILE = PersonalColor/Info.plist;
				INFOPLIST_KEY_UIApplicationSceneManifest_Generation = YES;
				INFOPLIST_KEY_UIApplicationSupportsIndirectInputEvents = YES;
				INFOPLIST_KEY_UILaunchScreen_Generation = YES;
				INFOPLIST_KEY_UISupportedInterfaceOrientations_iPad = "UIInterfaceOrientationPortrait UIInterfaceOrientationPortraitUpsideDown UIInterfaceOrientationLandscapeLeft UIInterfaceOrientationLandscapeRight";
				INFOPLIST_KEY_UISupportedInterfaceOrientations_iPhone = "UIInterfaceOrientationPortrait UIInterfaceOrientationLandscapeLeft UIInterfaceOrientationLandscapeRight";
				LD_RUNPATH_SEARCH_PATHS = (
					"$(inherited)",
					"@executable_path/Frameworks",
				);
				MARKETING_VERSION = 1.0;
				PRODUCT_BUNDLE_IDENTIFIER = vn.edu.rmit.PersonalColor;
				PRODUCT_NAME = "$(TARGET_NAME)";
				SWIFT_EMIT_LOC_STRINGS = YES;
				SWIFT_VERSION = 5.0;
				TARGETED_DEVICE_FAMILY = "1,2";
			};
			name = Release;
		};
/* End XCBuildConfiguration section */

/* Begin XCConfigurationList section */
		39B383762C466D6500002F23 /* Build configuration list for PBXProject "PersonalColor" */ = {
			isa = XCConfigurationList;
			buildConfigurations = (
				39B383872C466D6B00002F23 /* Debug */,
				39B383882C466D6B00002F23 /* Release */,
			);
			defaultConfigurationIsVisible = 0;
			defaultConfigurationName = Release;
		};
		39B383892C466D6B00002F23 /* Build configuration list for PBXNativeTarget "PersonalColor" */ = {
			isa = XCConfigurationList;
			buildConfigurations = (
				39B3838A2C466D6B00002F23 /* Debug */,
				39B3838B2C466D6B00002F23 /* Release */,
			);
			defaultConfigurationIsVisible = 0;
			defaultConfigurationName = Release;
		};
/* End XCConfigurationList section */
	};
	rootObject = 39B383732C466D6500002F23 /* Project object */;
}
